
Microsoft Visual Studio Solution File, Format Version 12.00
# Visual Studio Version 16
VisualStudioVersion = 16.0.31911.196
MinimumVisualStudioVersion = 10.0.40219.1
Project("{FAE04EC0-301F-11D3-BF4B-00C04F79EFBC}") = "PACS_NONAME_PLANETA", "PACS_NONAME_PLANETA\PACS_NONAME_PLANETA.csproj", "{A2084004-1081-4097-8463-37F218E6DE29}"
EndProject
Project("{FAE04EC0-301F-11D3-BF4B-00C04F79EFBC}") = "AccesDades", "AccesDades\AccesDades.csproj", "{B34A4254-FB07-4F32-88D0-F15F88C046D8}"
EndProject
Project("{FAE04EC0-301F-11D3-BF4B-00C04F79EFBC}") = "FormBase", "FormBase\FormBase.csproj", "{F1AA1D95-7881-413E-B401-B3F405C99D8C}"
EndProject
Global
	GlobalSection(SolutionConfigurationPlatforms) = preSolution
		Debug|Any CPU = Debug|Any CPU
		Release|Any CPU = Release|Any CPU
	EndGlobalSection
	GlobalSection(ProjectConfigurationPlatforms) = postSolution
		{A2084004-1081-4097-8463-37F218E6DE29}.Debug|Any CPU.ActiveCfg = Debug|Any CPU
		{A2084004-1081-4097-8463-37F218E6DE29}.Debug|Any CPU.Build.0 = Debug|Any CPU
		{A2084004-1081-4097-8463-37F218E6DE29}.Release|Any CPU.ActiveCfg = Release|Any CPU
		{A2084004-1081-4097-8463-37F218E6DE29}.Release|Any CPU.Build.0 = Release|Any CPU
		{B34A4254-FB07-4F32-88D0-F15F88C046D8}.Debug|Any CPU.ActiveCfg = Debug|Any CPU
		{B34A4254-FB07-4F32-88D0-F15F88C046D8}.Debug|Any CPU.Build.0 = Debug|Any CPU
		{B34A4254-FB07-4F32-88D0-F15F88C046D8}.Release|Any CPU.ActiveCfg = Release|Any CPU
		{B34A4254-FB07-4F32-88D0-F15F88C046D8}.Release|Any CPU.Build.0 = Release|Any CPU
		{F1AA1D95-7881-413E-B401-B3F405C99D8C}.Debug|Any CPU.ActiveCfg = Debug|Any CPU
		{F1AA1D95-7881-413E-B401-B3F405C99D8C}.Debug|Any CPU.Build.0 = Debug|Any CPU
		{F1AA1D95-7881-413E-B401-B3F405C99D8C}.Release|Any CPU.ActiveCfg = Release|Any CPU
		{F1AA1D95-7881-413E-B401-B3F405C99D8C}.Release|Any CPU.Build.0 = Release|Any CPU
	EndGlobalSection
	GlobalSection(SolutionProperties) = preSolution
		HideSolutionNode = FALSE
	EndGlobalSection
	GlobalSection(ExtensibilityGlobals) = postSolution
		SolutionGuid = {E6C7E49B-9046-49EC-8D6E-0C1FF7FD5DD4}
	EndGlobalSection
EndGlobal
