
Microsoft Visual Studio Solution File, Format Version 12.00
# Visual Studio Version 16
VisualStudioVersion = 16.0.31729.503
MinimumVisualStudioVersion = 10.0.40219.1
Project("{FAE04EC0-301F-11D3-BF4B-00C04F79EFBC}") = "ServerTCP", "ServerTCP\ServerTCP.csproj", "{1EC9D74D-473B-4202-A3DA-B583BA0D43F3}"
EndProject
Project("{FAE04EC0-301F-11D3-BF4B-00C04F79EFBC}") = "ClientTCP", "ClientTCP\ClientTCP.csproj", "{AAC6E26B-2465-48CA-A189-97D6345AA879}"
EndProject
Global
	GlobalSection(SolutionConfigurationPlatforms) = preSolution
		Debug|Any CPU = Debug|Any CPU
		Release|Any CPU = Release|Any CPU
	EndGlobalSection
	GlobalSection(ProjectConfigurationPlatforms) = postSolution
		{1EC9D74D-473B-4202-A3DA-B583BA0D43F3}.Debug|Any CPU.ActiveCfg = Debug|Any CPU
		{1EC9D74D-473B-4202-A3DA-B583BA0D43F3}.Debug|Any CPU.Build.0 = Debug|Any CPU
		{1EC9D74D-473B-4202-A3DA-B583BA0D43F3}.Release|Any CPU.ActiveCfg = Release|Any CPU
		{1EC9D74D-473B-4202-A3DA-B583BA0D43F3}.Release|Any CPU.Build.0 = Release|Any CPU
		{AAC6E26B-2465-48CA-A189-97D6345AA879}.Debug|Any CPU.ActiveCfg = Debug|Any CPU
		{AAC6E26B-2465-48CA-A189-97D6345AA879}.Debug|Any CPU.Build.0 = Debug|Any CPU
		{AAC6E26B-2465-48CA-A189-97D6345AA879}.Release|Any CPU.ActiveCfg = Release|Any CPU
		{AAC6E26B-2465-48CA-A189-97D6345AA879}.Release|Any CPU.Build.0 = Release|Any CPU
	EndGlobalSection
	GlobalSection(SolutionProperties) = preSolution
		HideSolutionNode = FALSE
	EndGlobalSection
	GlobalSection(ExtensibilityGlobals) = postSolution
		SolutionGuid = {53D95967-CE5B-4B85-8D8E-7261F0E46662}
	EndGlobalSection
EndGlobal
